
Microsoft Visual Studio Solution File, Format Version 10.00
# Visual Studio 2008
Project("{FAE04EC0-301F-11D3-BF4B-00C04F79EFBC}") = "DLBT_Demo_VS2008", "DLBT_Demo\DLBT_Demo_VS2008.csproj", "{82D524B2-4319-44AD-A113-41608F3424BF}"
EndProject
Global
	GlobalSection(SolutionConfigurationPlatforms) = preSolution
		Debug|x86 = Debug|x86
		Release|x86 = Release|x86
	EndGlobalSection
	GlobalSection(ProjectConfigurationPlatforms) = postSolution
		{82D524B2-4319-44AD-A113-41608F3424BF}.Debug|x86.ActiveCfg = Debug|x86
		{82D524B2-4319-44AD-A113-41608F3424BF}.Debug|x86.Build.0 = Debug|x86
		{82D524B2-4319-44AD-A113-41608F3424BF}.Release|x86.ActiveCfg = Release|x86
		{82D524B2-4319-44AD-A113-41608F3424BF}.Release|x86.Build.0 = Release|x86
	EndGlobalSection
	GlobalSection(SolutionProperties) = preSolution
		HideSolutionNode = FALSE
	EndGlobalSection
EndGlobal
